
Microsoft Visual Studio Solution File, Format Version 12.00
# Visual Studio Version 16
VisualStudioVersion = 16.0.30413.136
MinimumVisualStudioVersion = 10.0.40219.1
Project("{888888A0-9F3D-457C-B088-3A5042F75D52}") = "Compilador", "Compilador.pyproj", "{86E6BD58-C111-4BAC-BA99-473E781621F7}"
EndProject
Global
	GlobalSection(SolutionConfigurationPlatforms) = preSolution
		Debug|Any CPU = Debug|Any CPU
		Release|Any CPU = Release|Any CPU
	EndGlobalSection
	GlobalSection(ProjectConfigurationPlatforms) = postSolution
		{86E6BD58-C111-4BAC-BA99-473E781621F7}.Debug|Any CPU.ActiveCfg = Debug|Any CPU
		{86E6BD58-C111-4BAC-BA99-473E781621F7}.Release|Any CPU.ActiveCfg = Release|Any CPU
	EndGlobalSection
	GlobalSection(SolutionProperties) = preSolution
		HideSolutionNode = FALSE
	EndGlobalSection
	GlobalSection(ExtensibilityGlobals) = postSolution
		SolutionGuid = {17FB739C-4236-48D3-8D2A-1D02D9CC649F}
	EndGlobalSection
EndGlobal
